
Microsoft Visual Studio Solution File, Format Version 12.00
# Visual Studio 15
VisualStudioVersion = 15.0.26430.16
MinimumVisualStudioVersion = 10.0.40219.1
Project("{9A19103F-16F7-4668-BE54-9A1E7A4F7556}") = "TwitterBackup.Web", "TwitterBackup.Web\TwitterBackup.Web.csproj", "{E1611018-3E4F-4D19-B385-53285E9F0622}"
EndProject
Project("{9A19103F-16F7-4668-BE54-9A1E7A4F7556}") = "TwitterBackup.Data", "TwitterBackup.Data\TwitterBackup.Data.csproj", "{06CC0CC7-D24F-4F9A-A25B-4A1161B7DEA9}"
EndProject
Project("{9A19103F-16F7-4668-BE54-9A1E7A4F7556}") = "TwitterBackup.Services", "TwitterBackup.Services\TwitterBackup.Services.csproj", "{7E80C039-3068-43EC-9AAB-82A8FAC5F4B4}"
EndProject
Project("{9A19103F-16F7-4668-BE54-9A1E7A4F7556}") = "TwitterBackup.Providers", "TwitterBackup.Providers\TwitterBackup.Providers.csproj", "{74BFC241-CD1A-4E06-8864-74BD026698B1}"
EndProject
Project("{9A19103F-16F7-4668-BE54-9A1E7A4F7556}") = "TwitterBackup.Data.Models", "TwitterBackup.Data.Models\TwitterBackup.Data.Models.csproj", "{ED59BCA5-01F6-4E6A-92A5-D81ED9DF3D46}"
EndProject
Project("{9A19103F-16F7-4668-BE54-9A1E7A4F7556}") = "TwitterBackup.TwitterApiClient", "TwitterBackup.TwitterApiClient\TwitterBackup.TwitterApiClient.csproj", "{502030B6-0B36-425C-ACB2-40F54AE7E201}"
EndProject
Project("{9A19103F-16F7-4668-BE54-9A1E7A4F7556}") = "TwitterBackup.TwitterDTOs", "TwitterBackup.TwitterDTOs\TwitterBackup.TwitterDTOs.csproj", "{EFEFF0AA-AF70-4C4F-8803-79009EBAF8F4}"
EndProject
Project("{9A19103F-16F7-4668-BE54-9A1E7A4F7556}") = "TwitterBackup.UnitTests", "TwitterBackup.UnitTesting\TwitterBackup.UnitTests.csproj", "{6E1AEF2A-03D2-4A16-8C17-34ABA1EDC3E6}"
EndProject
Global
	GlobalSection(SolutionConfigurationPlatforms) = preSolution
		Debug|Any CPU = Debug|Any CPU
		Release|Any CPU = Release|Any CPU
	EndGlobalSection
	GlobalSection(ProjectConfigurationPlatforms) = postSolution
		{E1611018-3E4F-4D19-B385-53285E9F0622}.Debug|Any CPU.ActiveCfg = Debug|Any CPU
		{E1611018-3E4F-4D19-B385-53285E9F0622}.Debug|Any CPU.Build.0 = Debug|Any CPU
		{E1611018-3E4F-4D19-B385-53285E9F0622}.Release|Any CPU.ActiveCfg = Release|Any CPU
		{E1611018-3E4F-4D19-B385-53285E9F0622}.Release|Any CPU.Build.0 = Release|Any CPU
		{06CC0CC7-D24F-4F9A-A25B-4A1161B7DEA9}.Debug|Any CPU.ActiveCfg = Debug|Any CPU
		{06CC0CC7-D24F-4F9A-A25B-4A1161B7DEA9}.Debug|Any CPU.Build.0 = Debug|Any CPU
		{06CC0CC7-D24F-4F9A-A25B-4A1161B7DEA9}.Release|Any CPU.ActiveCfg = Release|Any CPU
		{06CC0CC7-D24F-4F9A-A25B-4A1161B7DEA9}.Release|Any CPU.Build.0 = Release|Any CPU
		{7E80C039-3068-43EC-9AAB-82A8FAC5F4B4}.Debug|Any CPU.ActiveCfg = Debug|Any CPU
		{7E80C039-3068-43EC-9AAB-82A8FAC5F4B4}.Debug|Any CPU.Build.0 = Debug|Any CPU
		{7E80C039-3068-43EC-9AAB-82A8FAC5F4B4}.Release|Any CPU.ActiveCfg = Release|Any CPU
		{7E80C039-3068-43EC-9AAB-82A8FAC5F4B4}.Release|Any CPU.Build.0 = Release|Any CPU
		{74BFC241-CD1A-4E06-8864-74BD026698B1}.Debug|Any CPU.ActiveCfg = Debug|Any CPU
		{74BFC241-CD1A-4E06-8864-74BD026698B1}.Debug|Any CPU.Build.0 = Debug|Any CPU
		{74BFC241-CD1A-4E06-8864-74BD026698B1}.Release|Any CPU.ActiveCfg = Release|Any CPU
		{74BFC241-CD1A-4E06-8864-74BD026698B1}.Release|Any CPU.Build.0 = Release|Any CPU
		{ED59BCA5-01F6-4E6A-92A5-D81ED9DF3D46}.Debug|Any CPU.ActiveCfg = Debug|Any CPU
		{ED59BCA5-01F6-4E6A-92A5-D81ED9DF3D46}.Debug|Any CPU.Build.0 = Debug|Any CPU
		{ED59BCA5-01F6-4E6A-92A5-D81ED9DF3D46}.Release|Any CPU.ActiveCfg = Release|Any CPU
		{ED59BCA5-01F6-4E6A-92A5-D81ED9DF3D46}.Release|Any CPU.Build.0 = Release|Any CPU
		{502030B6-0B36-425C-ACB2-40F54AE7E201}.Debug|Any CPU.ActiveCfg = Debug|Any CPU
		{502030B6-0B36-425C-ACB2-40F54AE7E201}.Debug|Any CPU.Build.0 = Debug|Any CPU
		{502030B6-0B36-425C-ACB2-40F54AE7E201}.Release|Any CPU.ActiveCfg = Release|Any CPU
		{502030B6-0B36-425C-ACB2-40F54AE7E201}.Release|Any CPU.Build.0 = Release|Any CPU
		{EFEFF0AA-AF70-4C4F-8803-79009EBAF8F4}.Debug|Any CPU.ActiveCfg = Debug|Any CPU
		{EFEFF0AA-AF70-4C4F-8803-79009EBAF8F4}.Debug|Any CPU.Build.0 = Debug|Any CPU
		{EFEFF0AA-AF70-4C4F-8803-79009EBAF8F4}.Release|Any CPU.ActiveCfg = Release|Any CPU
		{EFEFF0AA-AF70-4C4F-8803-79009EBAF8F4}.Release|Any CPU.Build.0 = Release|Any CPU
		{6E1AEF2A-03D2-4A16-8C17-34ABA1EDC3E6}.Debug|Any CPU.ActiveCfg = Debug|Any CPU
		{6E1AEF2A-03D2-4A16-8C17-34ABA1EDC3E6}.Debug|Any CPU.Build.0 = Debug|Any CPU
		{6E1AEF2A-03D2-4A16-8C17-34ABA1EDC3E6}.Release|Any CPU.ActiveCfg = Release|Any CPU
		{6E1AEF2A-03D2-4A16-8C17-34ABA1EDC3E6}.Release|Any CPU.Build.0 = Release|Any CPU
	EndGlobalSection
	GlobalSection(SolutionProperties) = preSolution
		HideSolutionNode = FALSE
	EndGlobalSection
	GlobalSection(ExtensibilityGlobals) = postSolution
		SolutionGuid = {5081A7D9-8071-4CFB-9FB0-9D48F3A6ABEA}
	EndGlobalSection
EndGlobal
